
Microsoft Visual Studio Solution File, Format Version 12.00
# Visual Studio Version 17
VisualStudioVersion = 17.0.32112.339
MinimumVisualStudioVersion = 10.0.40219.1
Project("{FAE04EC0-301F-11D3-BF4B-00C04F79EFBC}") = "CalculadorAreas1", "CalculadorAreas1.csproj", "{CD68D10C-D34A-4D42-860D-1E2B2C963848}"
EndProject
Global
	GlobalSection(SolutionConfigurationPlatforms) = preSolution
		Debug|Any CPU = Debug|Any CPU
		Release|Any CPU = Release|Any CPU
	EndGlobalSection
	GlobalSection(ProjectConfigurationPlatforms) = postSolution
		{CD68D10C-D34A-4D42-860D-1E2B2C963848}.Debug|Any CPU.ActiveCfg = Debug|Any CPU
		{CD68D10C-D34A-4D42-860D-1E2B2C963848}.Debug|Any CPU.Build.0 = Debug|Any CPU
		{CD68D10C-D34A-4D42-860D-1E2B2C963848}.Release|Any CPU.ActiveCfg = Release|Any CPU
		{CD68D10C-D34A-4D42-860D-1E2B2C963848}.Release|Any CPU.Build.0 = Release|Any CPU
	EndGlobalSection
	GlobalSection(SolutionProperties) = preSolution
		HideSolutionNode = FALSE
	EndGlobalSection
	GlobalSection(ExtensibilityGlobals) = postSolution
		SolutionGuid = {BB819AE7-C4A4-4C77-8810-2E7EE7D2B6E2}
	EndGlobalSection
EndGlobal
